
Microsoft Visual Studio Solution File, Format Version 12.00
# Visual Studio Version 16
VisualStudioVersion = 16.0.31424.327
MinimumVisualStudioVersion = 10.0.40219.1
Project("{FAE04EC0-301F-11D3-BF4B-00C04F79EFBC}") = "Sistematico", "Sistematico\Sistematico.csproj", "{884B9A29-A59B-47C3-BC0F-5FB60DC26973}"
EndProject
Project("{FAE04EC0-301F-11D3-BF4B-00C04F79EFBC}") = "Estudiantes", "Estudiantes\Estudiantes.csproj", "{9DCE6327-ED35-4993-BEAF-CBC892215099}"
EndProject
Global
	GlobalSection(SolutionConfigurationPlatforms) = preSolution
		Debug|Any CPU = Debug|Any CPU
		Release|Any CPU = Release|Any CPU
	EndGlobalSection
	GlobalSection(ProjectConfigurationPlatforms) = postSolution
		{884B9A29-A59B-47C3-BC0F-5FB60DC26973}.Debug|Any CPU.ActiveCfg = Debug|Any CPU
		{884B9A29-A59B-47C3-BC0F-5FB60DC26973}.Debug|Any CPU.Build.0 = Debug|Any CPU
		{884B9A29-A59B-47C3-BC0F-5FB60DC26973}.Release|Any CPU.ActiveCfg = Release|Any CPU
		{884B9A29-A59B-47C3-BC0F-5FB60DC26973}.Release|Any CPU.Build.0 = Release|Any CPU
		{9DCE6327-ED35-4993-BEAF-CBC892215099}.Debug|Any CPU.ActiveCfg = Debug|Any CPU
		{9DCE6327-ED35-4993-BEAF-CBC892215099}.Debug|Any CPU.Build.0 = Debug|Any CPU
		{9DCE6327-ED35-4993-BEAF-CBC892215099}.Release|Any CPU.ActiveCfg = Release|Any CPU
		{9DCE6327-ED35-4993-BEAF-CBC892215099}.Release|Any CPU.Build.0 = Release|Any CPU
	EndGlobalSection
	GlobalSection(SolutionProperties) = preSolution
		HideSolutionNode = FALSE
	EndGlobalSection
	GlobalSection(ExtensibilityGlobals) = postSolution
		SolutionGuid = {A925ED4E-E3C3-45BF-B69D-FA152509EF92}
	EndGlobalSection
EndGlobal
